
Microsoft Visual Studio Solution File, Format Version 12.00
# Visual Studio Version 17
VisualStudioVersion = 17.11.35327.3
MinimumVisualStudioVersion = 10.0.40219.1
Project("{FAE04EC0-301F-11D3-BF4B-00C04F79EFBC}") = "ConsoleApp", "ConsoleApp\ConsoleApp.csproj", "{971ABE9C-2224-44A4-BFE8-33A7CE5ECFAA}"
EndProject
Global
	GlobalSection(SolutionConfigurationPlatforms) = preSolution
		Debug|Any CPU = Debug|Any CPU
		Release|Any CPU = Release|Any CPU
	EndGlobalSection
	GlobalSection(ProjectConfigurationPlatforms) = postSolution
		{971ABE9C-2224-44A4-BFE8-33A7CE5ECFAA}.Debug|Any CPU.ActiveCfg = Debug|Any CPU
		{971ABE9C-2224-44A4-BFE8-33A7CE5ECFAA}.Debug|Any CPU.Build.0 = Debug|Any CPU
		{971ABE9C-2224-44A4-BFE8-33A7CE5ECFAA}.Release|Any CPU.ActiveCfg = Release|Any CPU
		{971ABE9C-2224-44A4-BFE8-33A7CE5ECFAA}.Release|Any CPU.Build.0 = Release|Any CPU
	EndGlobalSection
	GlobalSection(SolutionProperties) = preSolution
		HideSolutionNode = FALSE
	EndGlobalSection
	GlobalSection(ExtensibilityGlobals) = postSolution
		SolutionGuid = {0F7F9823-326B-4121-A2CF-F59FD0006935}
	EndGlobalSection
EndGlobal
